
Microsoft Visual Studio Solution File, Format Version 12.00
# Visual Studio Version 17
VisualStudioVersion = 17.0.32112.339
MinimumVisualStudioVersion = 10.0.40219.1
Project("{F184B08F-C81C-45F6-A57F-5ABD9991F28F}") = "201700671_Chumpas", "201700671_Chumpas.vbproj", "{74A0F853-B745-46BE-9ED1-74DFDC52A781}"
EndProject
Global
	GlobalSection(SolutionConfigurationPlatforms) = preSolution
		Debug|Any CPU = Debug|Any CPU
		Release|Any CPU = Release|Any CPU
	EndGlobalSection
	GlobalSection(ProjectConfigurationPlatforms) = postSolution
		{74A0F853-B745-46BE-9ED1-74DFDC52A781}.Debug|Any CPU.ActiveCfg = Debug|Any CPU
		{74A0F853-B745-46BE-9ED1-74DFDC52A781}.Debug|Any CPU.Build.0 = Debug|Any CPU
		{74A0F853-B745-46BE-9ED1-74DFDC52A781}.Release|Any CPU.ActiveCfg = Release|Any CPU
		{74A0F853-B745-46BE-9ED1-74DFDC52A781}.Release|Any CPU.Build.0 = Release|Any CPU
	EndGlobalSection
	GlobalSection(SolutionProperties) = preSolution
		HideSolutionNode = FALSE
	EndGlobalSection
	GlobalSection(ExtensibilityGlobals) = postSolution
		SolutionGuid = {ACB8011E-6F31-468A-B3C8-858B496C0F76}
	EndGlobalSection
EndGlobal
