
Microsoft Visual Studio Solution File, Format Version 12.00
# Visual Studio Version 17
VisualStudioVersion = 17.0.32112.339
MinimumVisualStudioVersion = 10.0.40219.1
Project("{F184B08F-C81C-45F6-A57F-5ABD9991F28F}") = "201700671_Envios", "201700671_Envios.vbproj", "{2E523D85-B899-4299-9C80-21BCF8D6368C}"
EndProject
Global
	GlobalSection(SolutionConfigurationPlatforms) = preSolution
		Debug|Any CPU = Debug|Any CPU
		Release|Any CPU = Release|Any CPU
	EndGlobalSection
	GlobalSection(ProjectConfigurationPlatforms) = postSolution
		{2E523D85-B899-4299-9C80-21BCF8D6368C}.Debug|Any CPU.ActiveCfg = Debug|Any CPU
		{2E523D85-B899-4299-9C80-21BCF8D6368C}.Debug|Any CPU.Build.0 = Debug|Any CPU
		{2E523D85-B899-4299-9C80-21BCF8D6368C}.Release|Any CPU.ActiveCfg = Release|Any CPU
		{2E523D85-B899-4299-9C80-21BCF8D6368C}.Release|Any CPU.Build.0 = Release|Any CPU
	EndGlobalSection
	GlobalSection(SolutionProperties) = preSolution
		HideSolutionNode = FALSE
	EndGlobalSection
	GlobalSection(ExtensibilityGlobals) = postSolution
		SolutionGuid = {8B9C0289-B795-4BCE-AA2F-AA81E2010B31}
	EndGlobalSection
EndGlobal
